
Microsoft Visual Studio Solution File, Format Version 12.00
# Visual Studio Version 17
VisualStudioVersion = 17.9.34616.47
MinimumVisualStudioVersion = 10.0.40219.1
Project("{FAE04EC0-301F-11D3-BF4B-00C04F79EFBC}") = "SistemskoProgramiranje3domaci", "SistemskoProgramiranje3domaci\SistemskoProgramiranje3domaci.csproj", "{07A0D1C3-0445-4B2B-99CB-A2B3F6A9D6D0}"
EndProject
Global
	GlobalSection(SolutionConfigurationPlatforms) = preSolution
		Debug|Any CPU = Debug|Any CPU
		Release|Any CPU = Release|Any CPU
	EndGlobalSection
	GlobalSection(ProjectConfigurationPlatforms) = postSolution
		{07A0D1C3-0445-4B2B-99CB-A2B3F6A9D6D0}.Debug|Any CPU.ActiveCfg = Debug|Any CPU
		{07A0D1C3-0445-4B2B-99CB-A2B3F6A9D6D0}.Debug|Any CPU.Build.0 = Debug|Any CPU
		{07A0D1C3-0445-4B2B-99CB-A2B3F6A9D6D0}.Release|Any CPU.ActiveCfg = Release|Any CPU
		{07A0D1C3-0445-4B2B-99CB-A2B3F6A9D6D0}.Release|Any CPU.Build.0 = Release|Any CPU
	EndGlobalSection
	GlobalSection(SolutionProperties) = preSolution
		HideSolutionNode = FALSE
	EndGlobalSection
	GlobalSection(ExtensibilityGlobals) = postSolution
		SolutionGuid = {E0FA2474-520C-47A9-8AB0-7C3121E32C8B}
	EndGlobalSection
EndGlobal
